
Microsoft Visual Studio Solution File, Format Version 12.00
# Visual Studio Version 17
VisualStudioVersion = 17.14.36301.6 d17.14
MinimumVisualStudioVersion = 10.0.40219.1
Project("{FAE04EC0-301F-11D3-BF4B-00C04F79EFBC}") = "Assignment", "Assignment\Assignment.csproj", "{EFB99CB0-4F38-4FD1-BB52-A31A973A5D90}"
EndProject
Project("{FAE04EC0-301F-11D3-BF4B-00C04F79EFBC}") = "Demo", "Demo\Demo.csproj", "{3E9114B9-598C-412A-8E8F-BBA1638A2C43}"
EndProject
Global
	GlobalSection(SolutionConfigurationPlatforms) = preSolution
		Debug|Any CPU = Debug|Any CPU
		Release|Any CPU = Release|Any CPU
	EndGlobalSection
	GlobalSection(ProjectConfigurationPlatforms) = postSolution
		{EFB99CB0-4F38-4FD1-BB52-A31A973A5D90}.Debug|Any CPU.ActiveCfg = Debug|Any CPU
		{EFB99CB0-4F38-4FD1-BB52-A31A973A5D90}.Debug|Any CPU.Build.0 = Debug|Any CPU
		{EFB99CB0-4F38-4FD1-BB52-A31A973A5D90}.Release|Any CPU.ActiveCfg = Release|Any CPU
		{EFB99CB0-4F38-4FD1-BB52-A31A973A5D90}.Release|Any CPU.Build.0 = Release|Any CPU
		{3E9114B9-598C-412A-8E8F-BBA1638A2C43}.Debug|Any CPU.ActiveCfg = Debug|Any CPU
		{3E9114B9-598C-412A-8E8F-BBA1638A2C43}.Debug|Any CPU.Build.0 = Debug|Any CPU
		{3E9114B9-598C-412A-8E8F-BBA1638A2C43}.Release|Any CPU.ActiveCfg = Release|Any CPU
		{3E9114B9-598C-412A-8E8F-BBA1638A2C43}.Release|Any CPU.Build.0 = Release|Any CPU
	EndGlobalSection
	GlobalSection(SolutionProperties) = preSolution
		HideSolutionNode = FALSE
	EndGlobalSection
	GlobalSection(ExtensibilityGlobals) = postSolution
		SolutionGuid = {BE9B250C-F8A4-45BE-B3AC-9FDC1806D166}
	EndGlobalSection
EndGlobal
